github.com/lkelly93/code-runner v0.0.0-20200824063934-105cf1bd3fd8 h1:FkhdTxOTFN6s7gECSbPGF73NToqyMsWKUUTsyD3YRFk=
github.com/lkelly93/code-runner v0.0.0-20200824063934-105cf1bd3fd8/go.mod h1:+0Z1U49qLk6zO89d/26w4AKiWmVuYcAm5qI4Hs9Vyqk=
github.com/lkelly93/scheduler v0.0.0-20200824063934-105cf1bd3fd8 h1:nRvnORfYLp5pCoAIVPxoBB2rhl4jJzhJYmf5twouo/M=
